
Microsoft Visual Studio Solution File, Format Version 12.00
# Visual Studio Version 16
VisualStudioVersion = 16.0.30503.244
MinimumVisualStudioVersion = 10.0.40219.1
Project("{FAE04EC0-301F-11D3-BF4B-00C04F79EFBC}") = "BinaryXML", "BinaryXML\BinaryXML.csproj", "{2F38957A-0462-4996-8660-0C3865CEA938}"
EndProject
Global
	GlobalSection(SolutionConfigurationPlatforms) = preSolution
		Debug|Any CPU = Debug|Any CPU
		Release|Any CPU = Release|Any CPU
	EndGlobalSection
	GlobalSection(ProjectConfigurationPlatforms) = postSolution
		{2F38957A-0462-4996-8660-0C3865CEA938}.Debug|Any CPU.ActiveCfg = Debug|Any CPU
		{2F38957A-0462-4996-8660-0C3865CEA938}.Debug|Any CPU.Build.0 = Debug|Any CPU
		{2F38957A-0462-4996-8660-0C3865CEA938}.Release|Any CPU.ActiveCfg = Release|Any CPU
		{2F38957A-0462-4996-8660-0C3865CEA938}.Release|Any CPU.Build.0 = Release|Any CPU
	EndGlobalSection
	GlobalSection(SolutionProperties) = preSolution
		HideSolutionNode = FALSE
	EndGlobalSection
	GlobalSection(ExtensibilityGlobals) = postSolution
		SolutionGuid = {25C92F3B-70EB-4395-B785-47A64364C2D1}
	EndGlobalSection
EndGlobal
